
Microsoft Visual Studio Solution File, Format Version 12.00
# Visual Studio Version 16
VisualStudioVersion = 16.0.30717.126
MinimumVisualStudioVersion = 10.0.40219.1
Project("{FAE04EC0-301F-11D3-BF4B-00C04F79EFBC}") = "ProcessManager", "ProcessManager\ProcessManager.csproj", "{A0BB5215-E390-4CBF-AC8F-7D271C52CB9D}"
EndProject
Global
	GlobalSection(SolutionConfigurationPlatforms) = preSolution
		Debug|Any CPU = Debug|Any CPU
		Release|Any CPU = Release|Any CPU
	EndGlobalSection
	GlobalSection(ProjectConfigurationPlatforms) = postSolution
		{A0BB5215-E390-4CBF-AC8F-7D271C52CB9D}.Debug|Any CPU.ActiveCfg = Debug|Any CPU
		{A0BB5215-E390-4CBF-AC8F-7D271C52CB9D}.Debug|Any CPU.Build.0 = Debug|Any CPU
		{A0BB5215-E390-4CBF-AC8F-7D271C52CB9D}.Release|Any CPU.ActiveCfg = Release|Any CPU
		{A0BB5215-E390-4CBF-AC8F-7D271C52CB9D}.Release|Any CPU.Build.0 = Release|Any CPU
	EndGlobalSection
	GlobalSection(SolutionProperties) = preSolution
		HideSolutionNode = FALSE
	EndGlobalSection
	GlobalSection(ExtensibilityGlobals) = postSolution
		SolutionGuid = {25BF02D6-193A-4097-B755-CE8BA88D726B}
	EndGlobalSection
EndGlobal
